{
  "originHash" : "fd5fefdd87d470d0af23db35db1e9152268e119029cbbd7419438736e00414d4",
  "pins" : [
    {
      "identity" : "letopis",
      "kind" : "remoteSourceControl",
      "location" : "git@github.com:andrey-torlopov/Letopis.git",
      "state" : {
        "revision" : "21d6d7218da4c01840d5bf2455d3a74379b009ab",
        "version" : "0.0.10"
      }
    }
  ],
  "version" : 3
}
