{
  "originHash" : "f83747567d5f7678f7d40c3d070569020082d40eb46e962a1aeb64329df0481f",
  "pins" : [
    {
      "identity" : "letopis",
      "kind" : "remoteSourceControl",
      "location" : "https://github.com/andrey-torlopov/Letopis.git",
      "state" : {
        "revision" : "53c97f37910706f55133e1eb5095e13058ac2546",
        "version" : "0.0.13"
      }
    }
  ],
  "version" : 3
}
